
Microsoft Visual Studio Solution File, Format Version 12.00
# Visual Studio Version 16
VisualStudioVersion = 16.0.32002.261
MinimumVisualStudioVersion = 10.0.40219.1
Project("{FAE04EC0-301F-11D3-BF4B-00C04F79EFBC}") = "VoiceC2_POC", "VoiceC2_POC\VoiceC2_POC.csproj", "{B1022BF3-3EC0-472F-ADC3-C65ADF5F7F76}"
EndProject
Global
	GlobalSection(SolutionConfigurationPlatforms) = preSolution
		Debug|Any CPU = Debug|Any CPU
		Release|Any CPU = Release|Any CPU
	EndGlobalSection
	GlobalSection(ProjectConfigurationPlatforms) = postSolution
		{B1022BF3-3EC0-472F-ADC3-C65ADF5F7F76}.Debug|Any CPU.ActiveCfg = Debug|Any CPU
		{B1022BF3-3EC0-472F-ADC3-C65ADF5F7F76}.Debug|Any CPU.Build.0 = Debug|Any CPU
		{B1022BF3-3EC0-472F-ADC3-C65ADF5F7F76}.Release|Any CPU.ActiveCfg = Release|Any CPU
		{B1022BF3-3EC0-472F-ADC3-C65ADF5F7F76}.Release|Any CPU.Build.0 = Release|Any CPU
	EndGlobalSection
	GlobalSection(SolutionProperties) = preSolution
		HideSolutionNode = FALSE
	EndGlobalSection
	GlobalSection(ExtensibilityGlobals) = postSolution
		SolutionGuid = {BC9030EB-F8CB-4F26-9453-DB0291F7A2DD}
	EndGlobalSection
EndGlobal
